
Microsoft Visual Studio Solution File, Format Version 12.00
# Visual Studio 15
VisualStudioVersion = 15.0.27428.2043
MinimumVisualStudioVersion = 10.0.40219.1
Project("{FAE04EC0-301F-11D3-BF4B-00C04F79EFBC}") = "Amusoft.EventManagement.WindowTests", "Amusoft.EventManagement.WindowTests\Amusoft.EventManagement.WindowTests.csproj", "{42156BC2-7BBF-435B-910E-3C946AAA26A3}"
EndProject
Project("{9A19103F-16F7-4668-BE54-9A1E7A4F7556}") = "Amusoft.EventManagement", "Amusoft.EventManagement\Amusoft.EventManagement.csproj", "{77494534-03CB-4A0A-B75D-C1185CFA6E4C}"
EndProject
Project("{9A19103F-16F7-4668-BE54-9A1E7A4F7556}") = "Amusoft.EventManagement.Test", "Amusoft.EventManagement.Test\Amusoft.EventManagement.Test.csproj", "{74AEC124-84E1-4D84-B98F-4F163FCCE746}"
EndProject
Project("{2150E333-8FDC-42A3-9474-1A3956D46DE8}") = "Solution Items", "Solution Items", "{68F54DD7-B911-448F-A80D-6C69AD5029D5}"
	ProjectSection(SolutionItems) = preProject
		build.cake = build.cake
		build.ps1 = build.ps1
		build.sh = build.sh
	EndProjectSection
EndProject
Global
	GlobalSection(SolutionConfigurationPlatforms) = preSolution
		Debug|Any CPU = Debug|Any CPU
		Release|Any CPU = Release|Any CPU
	EndGlobalSection
	GlobalSection(ProjectConfigurationPlatforms) = postSolution
		{42156BC2-7BBF-435B-910E-3C946AAA26A3}.Debug|Any CPU.ActiveCfg = Debug|Any CPU
		{42156BC2-7BBF-435B-910E-3C946AAA26A3}.Debug|Any CPU.Build.0 = Debug|Any CPU
		{42156BC2-7BBF-435B-910E-3C946AAA26A3}.Release|Any CPU.ActiveCfg = Release|Any CPU
		{42156BC2-7BBF-435B-910E-3C946AAA26A3}.Release|Any CPU.Build.0 = Release|Any CPU
		{77494534-03CB-4A0A-B75D-C1185CFA6E4C}.Debug|Any CPU.ActiveCfg = Debug|Any CPU
		{77494534-03CB-4A0A-B75D-C1185CFA6E4C}.Debug|Any CPU.Build.0 = Debug|Any CPU
		{77494534-03CB-4A0A-B75D-C1185CFA6E4C}.Release|Any CPU.ActiveCfg = Release|Any CPU
		{77494534-03CB-4A0A-B75D-C1185CFA6E4C}.Release|Any CPU.Build.0 = Release|Any CPU
		{74AEC124-84E1-4D84-B98F-4F163FCCE746}.Debug|Any CPU.ActiveCfg = Debug|Any CPU
		{74AEC124-84E1-4D84-B98F-4F163FCCE746}.Debug|Any CPU.Build.0 = Debug|Any CPU
		{74AEC124-84E1-4D84-B98F-4F163FCCE746}.Release|Any CPU.ActiveCfg = Release|Any CPU
		{74AEC124-84E1-4D84-B98F-4F163FCCE746}.Release|Any CPU.Build.0 = Release|Any CPU
	EndGlobalSection
	GlobalSection(SolutionProperties) = preSolution
		HideSolutionNode = FALSE
	EndGlobalSection
	GlobalSection(ExtensibilityGlobals) = postSolution
		SolutionGuid = {ABB05BE8-F444-4594-9D54-9294E7AD738A}
	EndGlobalSection
EndGlobal
